
Microsoft Visual Studio Solution File, Format Version 12.00
# Visual Studio Version 16
VisualStudioVersion = 16.0.31129.286
MinimumVisualStudioVersion = 10.0.40219.1
Project("{FAE04EC0-301F-11D3-BF4B-00C04F79EFBC}") = "ConsoleApp4", "ConsoleApp4.csproj", "{5A8AECBA-78E5-4026-B346-FCC2D834DCD8}"
EndProject
Global
	GlobalSection(SolutionConfigurationPlatforms) = preSolution
		Debug|Any CPU = Debug|Any CPU
		Release|Any CPU = Release|Any CPU
	EndGlobalSection
	GlobalSection(ProjectConfigurationPlatforms) = postSolution
		{5A8AECBA-78E5-4026-B346-FCC2D834DCD8}.Debug|Any CPU.ActiveCfg = Debug|Any CPU
		{5A8AECBA-78E5-4026-B346-FCC2D834DCD8}.Debug|Any CPU.Build.0 = Debug|Any CPU
		{5A8AECBA-78E5-4026-B346-FCC2D834DCD8}.Release|Any CPU.ActiveCfg = Release|Any CPU
		{5A8AECBA-78E5-4026-B346-FCC2D834DCD8}.Release|Any CPU.Build.0 = Release|Any CPU
	EndGlobalSection
	GlobalSection(SolutionProperties) = preSolution
		HideSolutionNode = FALSE
	EndGlobalSection
	GlobalSection(ExtensibilityGlobals) = postSolution
		SolutionGuid = {ACF1B328-F7AC-42B9-972A-6086E08439EE}
	EndGlobalSection
EndGlobal
